
Microsoft Visual Studio Solution File, Format Version 12.00
# Visual Studio 2012
Project("{FAE04EC0-301F-11D3-BF4B-00C04F79EFBC}") = "MyLogger", "MyLogger\MyLogger.csproj", "{DD451342-53FE-49F1-A740-2326081ED549}"
EndProject
Global
	GlobalSection(SolutionConfigurationPlatforms) = preSolution
		Debug|Any CPU = Debug|Any CPU
		Release|Any CPU = Release|Any CPU
	EndGlobalSection
	GlobalSection(ProjectConfigurationPlatforms) = postSolution
		{DD451342-53FE-49F1-A740-2326081ED549}.Debug|Any CPU.ActiveCfg = Debug|Any CPU
		{DD451342-53FE-49F1-A740-2326081ED549}.Debug|Any CPU.Build.0 = Debug|Any CPU
		{DD451342-53FE-49F1-A740-2326081ED549}.Release|Any CPU.ActiveCfg = Release|Any CPU
		{DD451342-53FE-49F1-A740-2326081ED549}.Release|Any CPU.Build.0 = Release|Any CPU
	EndGlobalSection
	GlobalSection(MonoDevelopProperties) = preSolution
		StartupItem = MyLogger\MyLogger.csproj
	EndGlobalSection
	GlobalSection(SolutionProperties) = preSolution
		HideSolutionNode = FALSE
	EndGlobalSection
EndGlobal
